
Microsoft Visual Studio Solution File, Format Version 12.00
# Visual Studio Version 16
VisualStudioVersion = 16.0.29920.165
MinimumVisualStudioVersion = 10.0.40219.1
Project("{FAE04EC0-301F-11D3-BF4B-00C04F79EFBC}") = "Securiry3", "Securiry3\Securiry3.csproj", "{868D27E1-BA2C-4760-8012-A902169B9A97}"
EndProject
Global
	GlobalSection(SolutionConfigurationPlatforms) = preSolution
		Debug|Any CPU = Debug|Any CPU
		Release|Any CPU = Release|Any CPU
	EndGlobalSection
	GlobalSection(ProjectConfigurationPlatforms) = postSolution
		{868D27E1-BA2C-4760-8012-A902169B9A97}.Debug|Any CPU.ActiveCfg = Debug|Any CPU
		{868D27E1-BA2C-4760-8012-A902169B9A97}.Debug|Any CPU.Build.0 = Debug|Any CPU
		{868D27E1-BA2C-4760-8012-A902169B9A97}.Release|Any CPU.ActiveCfg = Release|Any CPU
		{868D27E1-BA2C-4760-8012-A902169B9A97}.Release|Any CPU.Build.0 = Release|Any CPU
	EndGlobalSection
	GlobalSection(SolutionProperties) = preSolution
		HideSolutionNode = FALSE
	EndGlobalSection
	GlobalSection(ExtensibilityGlobals) = postSolution
		SolutionGuid = {8018D163-295F-484C-9921-663ED9797E12}
	EndGlobalSection
EndGlobal
